
Microsoft Visual Studio Solution File, Format Version 12.00
Project("{FAE04EC0-301F-11D3-BF4B-00C04F79EFBC}") = "Test", "Test\Test.csproj", "{5C21DB90-353D-47E0-9CC5-65B888642484}"
EndProject
Project("{FAE04EC0-301F-11D3-BF4B-00C04F79EFBC}") = "Web", "Web\Web.csproj", "{C3BC2EF8-08F6-4A83-9565-D6C0267EEF1A}"
EndProject
Global
	GlobalSection(SolutionConfigurationPlatforms) = preSolution
		Debug|Any CPU = Debug|Any CPU
		Release|Any CPU = Release|Any CPU
	EndGlobalSection
	GlobalSection(ProjectConfigurationPlatforms) = postSolution
		{5C21DB90-353D-47E0-9CC5-65B888642484}.Debug|Any CPU.ActiveCfg = Debug|Any CPU
		{5C21DB90-353D-47E0-9CC5-65B888642484}.Debug|Any CPU.Build.0 = Debug|Any CPU
		{5C21DB90-353D-47E0-9CC5-65B888642484}.Release|Any CPU.ActiveCfg = Release|Any CPU
		{5C21DB90-353D-47E0-9CC5-65B888642484}.Release|Any CPU.Build.0 = Release|Any CPU
		{C3BC2EF8-08F6-4A83-9565-D6C0267EEF1A}.Debug|Any CPU.ActiveCfg = Debug|Any CPU
		{C3BC2EF8-08F6-4A83-9565-D6C0267EEF1A}.Debug|Any CPU.Build.0 = Debug|Any CPU
		{C3BC2EF8-08F6-4A83-9565-D6C0267EEF1A}.Release|Any CPU.ActiveCfg = Release|Any CPU
		{C3BC2EF8-08F6-4A83-9565-D6C0267EEF1A}.Release|Any CPU.Build.0 = Release|Any CPU
	EndGlobalSection
EndGlobal
